Microsoft Visual Studio Solution File, Format Version 12.00
# Visual Studio Version 18
VisualStudioVersion = 18.8.12009.203 stable
MinimumVisualStudioVersion = 10.0.40219.1
Project("{FAE04EC0-301F-11D3-BF4B-00C04F79EFBC}") = "VTMTester", "VTMTester\VTMTester.csproj", "{DF0A670C-1960-41FB-98B7-B3A2DE928DCD}"
EndProject
Project("{FAE04EC0-301F-11D3-BF4B-00C04F79EFBC}") = "VTMControls", "VTMControls\VTMControls.csproj", "{8C737116-EACF-4DD6-B0A0-9E757E8A6961}"
EndProject
Project("{FAE04EC0-301F-11D3-BF4B-00C04F79EFBC}") = "VTMUtility", "VTMUtility\VTMUtility.csproj", "{1F26009D-C483-4DBF-AF0E-F3274C32D21A}"
EndProject
Project("{FAE04EC0-301F-11D3-BF4B-00C04F79EFBC}") = "VTMBase", "VTMBase\VTMBase.csproj", "{1634E2CA-C43C-4749-91C8-540E38D808CC}"
EndProject
Project("{FAE04EC0-301F-11D3-BF4B-00C04F79EFBC}") = "VTMReport", "VTMReport\VTMReport.csproj", "{A3F85A2B-258C-467F-83D3-B538287AA240}"
EndProject
Global
	GlobalSection(SolutionConfigurationPlatforms) = preSolution
		Debug|Any CPU = Debug|Any CPU
		Debug|ARM = Debug|ARM
		Debug|ARM64 = Debug|ARM64
		Debug|x64 = Debug|x64
		Debug|x86 = Debug|x86
		Release|Any CPU = Release|Any CPU
		Release|ARM = Release|ARM
		Release|ARM64 = Release|ARM64
		Release|x64 = Release|x64
		Release|x86 = Release|x86
	EndGlobalSection
	GlobalSection(ProjectConfigurationPlatforms) = postSolution
		{DF0A670C-1960-41FB-98B7-B3A2DE928DCD}.Debug|Any CPU.ActiveCfg = Debug|Any CPU
		{DF0A670C-1960-41FB-98B7-B3A2DE928DCD}.Debug|Any CPU.Build.0 = Debug|Any CPU
		{DF0A670C-1960-41FB-98B7-B3A2DE928DCD}.Debug|ARM.ActiveCfg = Debug|Any CPU
		{DF0A670C-1960-41FB-98B7-B3A2DE928DCD}.Debug|ARM.Build.0 = Debug|Any CPU
		{DF0A670C-1960-41FB-98B7-B3A2DE928DCD}.Debug|ARM64.ActiveCfg = Debug|Any CPU
		{DF0A670C-1960-41FB-98B7-B3A2DE928DCD}.Debug|ARM64.Build.0 = Debug|Any CPU
		{DF0A670C-1960-41FB-98B7-B3A2DE928DCD}.Debug|x64.ActiveCfg = Debug|Any CPU
		{DF0A670C-1960-41FB-98B7-B3A2DE928DCD}.Debug|x64.Build.0 = Debug|Any CPU
		{DF0A670C-1960-41FB-98B7-B3A2DE928DCD}.Debug|x86.ActiveCfg = Debug|Any CPU
		{DF0A670C-1960-41FB-98B7-B3A2DE928DCD}.Debug|x86.Build.0 = Debug|Any CPU
		{DF0A670C-1960-41FB-98B7-B3A2DE928DCD}.Release|Any CPU.ActiveCfg = Release|Any CPU
		{DF0A670C-1960-41FB-98B7-B3A2DE928DCD}.Release|Any CPU.Build.0 = Release|Any CPU
		{DF0A670C-1960-41FB-98B7-B3A2DE928DCD}.Release|ARM.ActiveCfg = Release|Any CPU
		{DF0A670C-1960-41FB-98B7-B3A2DE928DCD}.Release|ARM.Build.0 = Release|Any CPU
		{DF0A670C-1960-41FB-98B7-B3A2DE928DCD}.Release|ARM64.ActiveCfg = Release|Any CPU
		{DF0A670C-1960-41FB-98B7-B3A2DE928DCD}.Release|ARM64.Build.0 = Release|Any CPU
		{DF0A670C-1960-41FB-98B7-B3A2DE928DCD}.Release|x64.ActiveCfg = Release|Any CPU
		{DF0A670C-1960-41FB-98B7-B3A2DE928DCD}.Release|x64.Build.0 = Release|Any CPU
		{DF0A670C-1960-41FB-98B7-B3A2DE928DCD}.Release|x86.ActiveCfg = Release|Any CPU
		{DF0A670C-1960-41FB-98B7-B3A2DE928DCD}.Release|x86.Build.0 = Release|Any CPU
		{8C737116-EACF-4DD6-B0A0-9E757E8A6961}.Debug|Any CPU.ActiveCfg = Debug|Any CPU
		{8C737116-EACF-4DD6-B0A0-9E757E8A6961}.Debug|Any CPU.Build.0 = Debug|Any CPU
		{8C737116-EACF-4DD6-B0A0-9E757E8A6961}.Debug|ARM.ActiveCfg = Debug|Any CPU
		{8C737116-EACF-4DD6-B0A0-9E757E8A6961}.Debug|ARM.Build.0 = Debug|Any CPU
		{8C737116-EACF-4DD6-B0A0-9E757E8A6961}.Debug|ARM64.ActiveCfg = Debug|Any CPU
		{8C737116-EACF-4DD6-B0A0-9E757E8A6961}.Debug|ARM64.Build.0 = Debug|Any CPU
		{8C737116-EACF-4DD6-B0A0-9E757E8A6961}.Debug|x64.ActiveCfg = Debug|Any CPU
		{8C737116-EACF-4DD6-B0A0-9E757E8A6961}.Debug|x64.Build.0 = Debug|Any CPU
		{8C737116-EACF-4DD6-B0A0-9E757E8A6961}.Debug|x86.ActiveCfg = Debug|Any CPU
		{8C737116-EACF-4DD6-B0A0-9E757E8A6961}.Debug|x86.Build.0 = Debug|Any CPU
		{8C737116-EACF-4DD6-B0A0-9E757E8A6961}.Release|Any CPU.ActiveCfg = Release|Any CPU
		{8C737116-EACF-4DD6-B0A0-9E757E8A6961}.Release|Any CPU.Build.0 = Release|Any CPU
		{8C737116-EACF-4DD6-B0A0-9E757E8A6961}.Release|ARM.ActiveCfg = Release|Any CPU
		{8C737116-EACF-4DD6-B0A0-9E757E8A6961}.Release|ARM.Build.0 = Release|Any CPU
		{8C737116-EACF-4DD6-B0A0-9E757E8A6961}.Release|ARM64.ActiveCfg = Release|Any CPU
		{8C737116-EACF-4DD6-B0A0-9E757E8A6961}.Release|ARM64.Build.0 = Release|Any CPU
		{8C737116-EACF-4DD6-B0A0-9E757E8A6961}.Release|x64.ActiveCfg = Release|Any CPU
		{8C737116-EACF-4DD6-B0A0-9E757E8A6961}.Release|x64.Build.0 = Release|Any CPU
		{8C737116-EACF-4DD6-B0A0-9E757E8A6961}.Release|x86.ActiveCfg = Release|Any CPU
		{8C737116-EACF-4DD6-B0A0-9E757E8A6961}.Release|x86.Build.0 = Release|Any CPU
		{1F26009D-C483-4DBF-AF0E-F3274C32D21A}.Debug|Any CPU.ActiveCfg = Debug|Any CPU
		{1F26009D-C483-4DBF-AF0E-F3274C32D21A}.Debug|Any CPU.Build.0 = Debug|Any CPU
		{1F26009D-C483-4DBF-AF0E-F3274C32D21A}.Debug|ARM.ActiveCfg = Debug|Any CPU
		{1F26009D-C483-4DBF-AF0E-F3274C32D21A}.Debug|ARM.Build.0 = Debug|Any CPU
		{1F26009D-C483-4DBF-AF0E-F3274C32D21A}.Debug|ARM64.ActiveCfg = Debug|Any CPU
		{1F26009D-C483-4DBF-AF0E-F3274C32D21A}.Debug|ARM64.Build.0 = Debug|Any CPU
		{1F26009D-C483-4DBF-AF0E-F3274C32D21A}.Debug|x64.ActiveCfg = Debug|x64
		{1F26009D-C483-4DBF-AF0E-F3274C32D21A}.Debug|x64.Build.0 = Debug|x64
		{1F26009D-C483-4DBF-AF0E-F3274C32D21A}.Debug|x86.ActiveCfg = Debug|x86
		{1F26009D-C483-4DBF-AF0E-F3274C32D21A}.Debug|x86.Build.0 = Debug|x86
		{1F26009D-C483-4DBF-AF0E-F3274C32D21A}.Release|Any CPU.ActiveCfg = Release|Any CPU
		{1F26009D-C483-4DBF-AF0E-F3274C32D21A}.Release|Any CPU.Build.0 = Release|Any CPU
		{1F26009D-C483-4DBF-AF0E-F3274C32D21A}.Release|ARM.ActiveCfg = Release|Any CPU
		{1F26009D-C483-4DBF-AF0E-F3274C32D21A}.Release|ARM.Build.0 = Release|Any CPU
		{1F26009D-C483-4DBF-AF0E-F3274C32D21A}.Release|ARM64.ActiveCfg = Release|Any CPU
		{1F26009D-C483-4DBF-AF0E-F3274C32D21A}.Release|ARM64.Build.0 = Release|Any CPU
		{1F26009D-C483-4DBF-AF0E-F3274C32D21A}.Release|x64.ActiveCfg = Release|x64
		{1F26009D-C483-4DBF-AF0E-F3274C32D21A}.Release|x64.Build.0 = Release|x64
		{1F26009D-C483-4DBF-AF0E-F3274C32D21A}.Release|x86.ActiveCfg = Release|x86
		{1F26009D-C483-4DBF-AF0E-F3274C32D21A}.Release|x86.Build.0 = Release|x86
		{1634E2CA-C43C-4749-91C8-540E38D808CC}.Debug|Any CPU.ActiveCfg = Debug|Any CPU
		{1634E2CA-C43C-4749-91C8-540E38D808CC}.Debug|Any CPU.Build.0 = Debug|Any CPU
		{1634E2CA-C43C-4749-91C8-540E38D808CC}.Debug|ARM.ActiveCfg = Debug|Any CPU
		{1634E2CA-C43C-4749-91C8-540E38D808CC}.Debug|ARM.Build.0 = Debug|Any CPU
		{1634E2CA-C43C-4749-91C8-540E38D808CC}.Debug|ARM64.ActiveCfg = Debug|Any CPU
		{1634E2CA-C43C-4749-91C8-540E38D808CC}.Debug|ARM64.Build.0 = Debug|Any CPU
		{1634E2CA-C43C-4749-91C8-540E38D808CC}.Debug|x64.ActiveCfg = Debug|x64
		{1634E2CA-C43C-4749-91C8-540E38D808CC}.Debug|x64.Build.0 = Debug|x64
		{1634E2CA-C43C-4749-91C8-540E38D808CC}.Debug|x86.ActiveCfg = Debug|Any CPU
		{1634E2CA-C43C-4749-91C8-540E38D808CC}.Debug|x86.Build.0 = Debug|Any CPU
		{1634E2CA-C43C-4749-91C8-540E38D808CC}.Release|Any CPU.ActiveCfg = Release|Any CPU
		{1634E2CA-C43C-4749-91C8-540E38D808CC}.Release|Any CPU.Build.0 = Release|Any CPU
		{1634E2CA-C43C-4749-91C8-540E38D808CC}.Release|ARM.ActiveCfg = Release|Any CPU
		{1634E2CA-C43C-4749-91C8-540E38D808CC}.Release|ARM.Build.0 = Release|Any CPU
		{1634E2CA-C43C-4749-91C8-540E38D808CC}.Release|ARM64.ActiveCfg = Release|Any CPU
		{1634E2CA-C43C-4749-91C8-540E38D808CC}.Release|ARM64.Build.0 = Release|Any CPU
		{1634E2CA-C43C-4749-91C8-540E38D808CC}.Release|x64.ActiveCfg = Release|x64
		{1634E2CA-C43C-4749-91C8-540E38D808CC}.Release|x64.Build.0 = Release|x64
		{1634E2CA-C43C-4749-91C8-540E38D808CC}.Release|x86.ActiveCfg = Release|Any CPU
		{1634E2CA-C43C-4749-91C8-540E38D808CC}.Release|x86.Build.0 = Release|Any CPU
		{A3F85A2B-258C-467F-83D3-B538287AA240}.Debug|Any CPU.ActiveCfg = Debug|Any CPU
		{A3F85A2B-258C-467F-83D3-B538287AA240}.Debug|Any CPU.Build.0 = Debug|Any CPU
		{A3F85A2B-258C-467F-83D3-B538287AA240}.Debug|ARM.ActiveCfg = Debug|Any CPU
		{A3F85A2B-258C-467F-83D3-B538287AA240}.Debug|ARM.Build.0 = Debug|Any CPU
		{A3F85A2B-258C-467F-83D3-B538287AA240}.Debug|ARM64.ActiveCfg = Debug|Any CPU
		{A3F85A2B-258C-467F-83D3-B538287AA240}.Debug|ARM64.Build.0 = Debug|Any CPU
		{A3F85A2B-258C-467F-83D3-B538287AA240}.Debug|x64.ActiveCfg = Debug|x64
		{A3F85A2B-258C-467F-83D3-B538287AA240}.Debug|x64.Build.0 = Debug|x64
		{A3F85A2B-258C-467F-83D3-B538287AA240}.Debug|x86.ActiveCfg = Debug|Any CPU
		{A3F85A2B-258C-467F-83D3-B538287AA240}.Debug|x86.Build.0 = Debug|Any CPU
		{A3F85A2B-258C-467F-83D3-B538287AA240}.Release|Any CPU.ActiveCfg = Release|Any CPU
		{A3F85A2B-258C-467F-83D3-B538287AA240}.Release|Any CPU.Build.0 = Release|Any CPU
		{A3F85A2B-258C-467F-83D3-B538287AA240}.Release|ARM.ActiveCfg = Release|Any CPU
		{A3F85A2B-258C-467F-83D3-B538287AA240}.Release|ARM.Build.0 = Release|Any CPU
		{A3F85A2B-258C-467F-83D3-B538287AA240}.Release|ARM64.ActiveCfg = Release|Any CPU
		{A3F85A2B-258C-467F-83D3-B538287AA240}.Release|ARM64.Build.0 = Release|Any CPU
		{A3F85A2B-258C-467F-83D3-B538287AA240}.Release|x64.ActiveCfg = Release|x64
		{A3F85A2B-258C-467F-83D3-B538287AA240}.Release|x64.Build.0 = Release|x64
		{A3F85A2B-258C-467F-83D3-B538287AA240}.Release|x86.ActiveCfg = Release|Any CPU
		{A3F85A2B-258C-467F-83D3-B538287AA240}.Release|x86.Build.0 = Release|Any CPU
	EndGlobalSection
	GlobalSection(SolutionProperties) = preSolution
		HideSolutionNode = FALSE
	EndGlobalSection
	GlobalSection(ExtensibilityGlobals) = postSolution
		SolutionGuid = {5589C8FD-46A0-412C-BDB9-2203C7853139}
	EndGlobalSection
EndGlobal
